// !$*UTF8*$!
{
	archiveVersion = 1;
	classes = {
	};
	objectVersion = 51;
	objects = {

/* Begin PBXBuildFile section */
		0E160C9823A3A850000CA518 /* SnapKit+.swift in Sources */ = {isa = PBXBuildFile; fileRef = 0E160C9723A3A850000CA518 /* SnapKit+.swift */; };
		0E160CA623A40AD2000CA518 /* AlbumCell.swift in Sources */ = {isa = PBXBuildFile; fileRef = 0E160CA523A40AD2000CA518 /* AlbumCell.swift */; };
		0E160CA823A40B16000CA518 /* MainViewController.swift in Sources */ = {isa = PBXBuildFile; fileRef = 0E160CA723A40B16000CA518 /* MainViewController.swift */; };
		0E160CAA23A40E73000CA518 /* AttriBeauty+.swift in Sources */ = {isa = PBXBuildFile; fileRef = 0E160CA923A40E73000CA518 /* AttriBeauty+.swift */; };
		0E160CAC23A41733000CA518 /* Reusable.swift in Sources */ = {isa = PBXBuildFile; fileRef = 0E160CAB23A41733000CA518 /* Reusable.swift */; };
		0E160CC123A55688000CA518 /* UICollectionView+.swift in Sources */ = {isa = PBXBuildFile; fileRef = 0E160CC023A55688000CA518 /* UICollectionView+.swift */; };
		0E160CC323A56FEA000CA518 /* AlbumHeaderView.swift in Sources */ = {isa = PBXBuildFile; fileRef = 0E160CC223A56FEA000CA518 /* AlbumHeaderView.swift */; };
		0E160C9B23A3B4B2000CA518 /* LoadingViewController.swift in Sources */ = {isa = PBXBuildFile; fileRef = 0E160C9A23A3B4B2000CA518 /* LoadingViewController.swift */; };
		0E160C9D23A3FA4B000CA518 /* GaugeView.swift in Sources */ = {isa = PBXBuildFile; fileRef = 0E160C9C23A3FA4B000CA518 /* GaugeView.swift */; };
		0E7D3E7723A2AC3700269288 /* EntryViewController.swift in Sources */ = {isa = PBXBuildFile; fileRef = 0E7D3E7623A2AC3700269288 /* EntryViewController.swift */; };
		0EB548CE239C391B00C88B1D /* Colors.xcassets in Resources */ = {isa = PBXBuildFile; fileRef = 0EB548CD239C391B00C88B1D /* Colors.xcassets */; };
		0EB548D3239C3AE800C88B1D /* UIColor+.swift in Sources */ = {isa = PBXBuildFile; fileRef = 0EB548D2239C3AE800C88B1D /* UIColor+.swift */; };
		A5F9CEBD41F15AF64CF31F04 /* Pods_TMI.framework in Frameworks */ = {isa = PBXBuildFile; fileRef = 59DF7231FAEDE69ADF4FB56A /* Pods_TMI.framework */; };
		FAA2D5CE238FBC74001E71C3 /* AppDelegate.swift in Sources */ = {isa = PBXBuildFile; fileRef = FAA2D5CD238FBC74001E71C3 /* AppDelegate.swift */; };
		FAA2D5D2238FBC74001E71C3 /* ViewController.swift in Sources */ = {isa = PBXBuildFile; fileRef = FAA2D5D1238FBC74001E71C3 /* ViewController.swift */; };
		FAA2D5D5238FBC74001E71C3 /* Main.storyboard in Resources */ = {isa = PBXBuildFile; fileRef = FAA2D5D3238FBC74001E71C3 /* Main.storyboard */; };
		FAA2D5D7238FBC79001E71C3 /* Assets.xcassets in Resources */ = {isa = PBXBuildFile; fileRef = FAA2D5D6238FBC79001E71C3 /* Assets.xcassets */; };
		FAA2D5DA238FBC79001E71C3 /* LaunchScreen.storyboard in Resources */ = {isa = PBXBuildFile; fileRef = FAA2D5D8238FBC79001E71C3 /* LaunchScreen.storyboard */; };
		FAA7EF5423C5C34A00A9BDF1 /* Icons.xcassets in Resources */ = {isa = PBXBuildFile; fileRef = FAA7EF5323C5C34A00A9BDF1 /* Icons.xcassets */; };
		FAA7EF5623C5C3C500A9BDF1 /* Images.xcassets in Resources */ = {isa = PBXBuildFile; fileRef = FAA7EF5523C5C3C500A9BDF1 /* Images.xcassets */; };
/* End PBXBuildFile section */

/* Begin PBXFileReference section */
		0E160C9723A3A850000CA518 /* SnapKit+.swift */ = {isa = PBXFileReference; lastKnownFileType = sourcecode.swift; path = "SnapKit+.swift"; sourceTree = "<group>"; };
		0E160CA523A40AD2000CA518 /* AlbumCell.swift */ = {isa = PBXFileReference; fileEncoding = 4; lastKnownFileType = sourcecode.swift; path = AlbumCell.swift; sourceTree = "<group>"; };
		0E160CA723A40B16000CA518 /* MainViewController.swift */ = {isa = PBXFileReference; lastKnownFileType = sourcecode.swift; path = MainViewController.swift; sourceTree = "<group>"; };
		0E160CA923A40E73000CA518 /* AttriBeauty+.swift */ = {isa = PBXFileReference; lastKnownFileType = sourcecode.swift; path = "AttriBeauty+.swift"; sourceTree = "<group>"; };
		0E160CAB23A41733000CA518 /* Reusable.swift */ = {isa = PBXFileReference; lastKnownFileType = sourcecode.swift; path = Reusable.swift; sourceTree = "<group>"; };
		0E160CC023A55688000CA518 /* UICollectionView+.swift */ = {isa = PBXFileReference; lastKnownFileType = sourcecode.swift; path = "UICollectionView+.swift"; sourceTree = "<group>"; };
		0E160CC223A56FEA000CA518 /* AlbumHeaderView.swift */ = {isa = PBXFileReference; lastKnownFileType = sourcecode.swift; path = AlbumHeaderView.swift; sourceTree = "<group>"; };
		0E160C9A23A3B4B2000CA518 /* LoadingViewController.swift */ = {isa = PBXFileReference; lastKnownFileType = sourcecode.swift; path = LoadingViewController.swift; sourceTree = "<group>"; };
		0E160C9C23A3FA4B000CA518 /* GaugeView.swift */ = {isa = PBXFileReference; lastKnownFileType = sourcecode.swift; path = GaugeView.swift; sourceTree = "<group>"; };
		0E7D3E7623A2AC3700269288 /* EntryViewController.swift */ = {isa = PBXFileReference; lastKnownFileType = sourcecode.swift; path = EntryViewController.swift; sourceTree = "<group>"; };
		0EB548CD239C391B00C88B1D /* Colors.xcassets */ = {isa = PBXFileReference; lastKnownFileType = folder.assetcatalog; path = Colors.xcassets; sourceTree = "<group>"; };
		0EB548D2239C3AE800C88B1D /* UIColor+.swift */ = {isa = PBXFileReference; lastKnownFileType = sourcecode.swift; path = "UIColor+.swift"; sourceTree = "<group>"; };
		59DF7231FAEDE69ADF4FB56A /* Pods_TMI.framework */ = {isa = PBXFileReference; explicitFileType = wrapper.framework; includeInIndex = 0; path = Pods_TMI.framework; sourceTree = BUILT_PRODUCTS_DIR; };
		6E87530969830F8BFF9EA4D2 /* Pods-TMI.debug.xcconfig */ = {isa = PBXFileReference; includeInIndex = 1; lastKnownFileType = text.xcconfig; name = "Pods-TMI.debug.xcconfig"; path = "Target Support Files/Pods-TMI/Pods-TMI.debug.xcconfig"; sourceTree = "<group>"; };
		F15C6F82D213AC3C5180F5D5 /* Pods-TMI.release.xcconfig */ = {isa = PBXFileReference; includeInIndex = 1; lastKnownFileType = text.xcconfig; name = "Pods-TMI.release.xcconfig"; path = "Target Support Files/Pods-TMI/Pods-TMI.release.xcconfig"; sourceTree = "<group>"; };
		FAA2D5CA238FBC74001E71C3 /* TMI.app */ = {isa = PBXFileReference; explicitFileType = wrapper.application; includeInIndex = 0; path = TMI.app; sourceTree = BUILT_PRODUCTS_DIR; };
		FAA2D5CD238FBC74001E71C3 /* AppDelegate.swift */ = {isa = PBXFileReference; lastKnownFileType = sourcecode.swift; path = AppDelegate.swift; sourceTree = "<group>"; };
		FAA2D5D1238FBC74001E71C3 /* ViewController.swift */ = {isa = PBXFileReference; lastKnownFileType = sourcecode.swift; path = ViewController.swift; sourceTree = "<group>"; };
		FAA2D5D4238FBC74001E71C3 /* Base */ = {isa = PBXFileReference; lastKnownFileType = file.storyboard; name = Base; path = Base.lproj/Main.storyboard; sourceTree = "<group>"; };
		FAA2D5D6238FBC79001E71C3 /* Assets.xcassets */ = {isa = PBXFileReference; lastKnownFileType = folder.assetcatalog; path = Assets.xcassets; sourceTree = "<group>"; };
		FAA2D5D9238FBC79001E71C3 /* Base */ = {isa = PBXFileReference; lastKnownFileType = file.storyboard; name = Base; path = Base.lproj/LaunchScreen.storyboard; sourceTree = "<group>"; };
		FAA2D5DB238FBC79001E71C3 /* Info.plist */ = {isa = PBXFileReference; lastKnownFileType = text.plist.xml; path = Info.plist; sourceTree = "<group>"; };
		FAA7EF5323C5C34A00A9BDF1 /* Icons.xcassets */ = {isa = PBXFileReference; lastKnownFileType = folder.assetcatalog; path = Icons.xcassets; sourceTree = "<group>"; };
		FAA7EF5523C5C3C500A9BDF1 /* Images.xcassets */ = {isa = PBXFileReference; lastKnownFileType = folder.assetcatalog; path = Images.xcassets; sourceTree = "<group>"; };
/* End PBXFileReference section */

/* Begin PBXFrameworksBuildPhase section */
		FAA2D5C7238FBC74001E71C3 /* Frameworks */ = {
			isa = PBXFrameworksBuildPhase;
			buildActionMask = 2147483647;
			files = (
				A5F9CEBD41F15AF64CF31F04 /* Pods_TMI.framework in Frameworks */,
			);
			runOnlyForDeploymentPostprocessing = 0;
		};
/* End PBXFrameworksBuildPhase section */

/* Begin PBXGroup section */
		0E7D3E7123A2ABD600269288 /* View */ = {
			isa = PBXGroup;
			children = (
				0E160CA523A40AD2000CA518 /* AlbumCell.swift */,
				0E160CC223A56FEA000CA518 /* AlbumHeaderView.swift */,
				0E160C9C23A3FA4B000CA518 /* GaugeView.swift */,
			);
			path = View;
			sourceTree = "<group>";
		};
		0E7D3E7323A2AC0600269288 /* ViewController */ = {
			isa = PBXGroup;
			children = (
				0E7D3E7623A2AC3700269288 /* EntryViewController.swift */,
				0E160CA723A40B16000CA518 /* MainViewController.swift */,
				0E160C9A23A3B4B2000CA518 /* LoadingViewController.swift */,
			);
			path = ViewController;
			sourceTree = "<group>";
		};
		0E7D3E7523A2AC1700269288 /* ViewModel */ = {
			isa = PBXGroup;
			children = (
			);
			path = ViewModel;
			sourceTree = "<group>";
		};
		0EB548CC239C38FA00C88B1D /* Resource */ = {
			isa = PBXGroup;
			children = (
				FAA2D5D6238FBC79001E71C3 /* Assets.xcassets */,
				FAA7EF5523C5C3C500A9BDF1 /* Images.xcassets */,
				0EB548CD239C391B00C88B1D /* Colors.xcassets */,
				FAA7EF5323C5C34A00A9BDF1 /* Icons.xcassets */,
			);
			path = Resource;
			sourceTree = "<group>";
		};
		0EB548D0239C3AA600C88B1D /* Utilities */ = {
			isa = PBXGroup;
			children = (
				0EB548D1239C3AB800C88B1D /* Extensions */,
			);
			path = Utilities;
			sourceTree = "<group>";
		};
		0EB548D1239C3AB800C88B1D /* Extensions */ = {
			isa = PBXGroup;
			children = (
				0EB548D2239C3AE800C88B1D /* UIColor+.swift */,
				0E160C9723A3A850000CA518 /* SnapKit+.swift */,
				0E160CA923A40E73000CA518 /* AttriBeauty+.swift */,
				0E160CAB23A41733000CA518 /* Reusable.swift */,
				0E160CC023A55688000CA518 /* UICollectionView+.swift */,
			);
			path = Extensions;
			sourceTree = "<group>";
		};
		8F9C1FC39FDDEB2EC8A20F8D /* Pods */ = {
			isa = PBXGroup;
			children = (
				6E87530969830F8BFF9EA4D2 /* Pods-TMI.debug.xcconfig */,
				F15C6F82D213AC3C5180F5D5 /* Pods-TMI.release.xcconfig */,
			);
			path = Pods;
			sourceTree = "<group>";
		};
		C523291E53C3CADAAD28ED3D /* Frameworks */ = {
			isa = PBXGroup;
			children = (
				59DF7231FAEDE69ADF4FB56A /* Pods_TMI.framework */,
			);
			name = Frameworks;
			sourceTree = "<group>";
		};
		FAA2D5C1238FBC74001E71C3 = {
			isa = PBXGroup;
			children = (
				FAA2D5CC238FBC74001E71C3 /* TMI */,
				FAA2D5CB238FBC74001E71C3 /* Products */,
				8F9C1FC39FDDEB2EC8A20F8D /* Pods */,
				C523291E53C3CADAAD28ED3D /* Frameworks */,
			);
			sourceTree = "<group>";
		};
		FAA2D5CB238FBC74001E71C3 /* Products */ = {
			isa = PBXGroup;
			children = (
				FAA2D5CA238FBC74001E71C3 /* TMI.app */,
			);
			name = Products;
			sourceTree = "<group>";
		};
		FAA2D5CC238FBC74001E71C3 /* TMI */ = {
			isa = PBXGroup;
			children = (
				0E7D3E7523A2AC1700269288 /* ViewModel */,
				0E7D3E7323A2AC0600269288 /* ViewController */,
				0E7D3E7123A2ABD600269288 /* View */,
				0EB548D0239C3AA600C88B1D /* Utilities */,
				0EB548CC239C38FA00C88B1D /* Resource */,
				FAA2D5CD238FBC74001E71C3 /* AppDelegate.swift */,
				FAA2D5D1238FBC74001E71C3 /* ViewController.swift */,
				FAA2D5D3238FBC74001E71C3 /* Main.storyboard */,
				FAA2D5D8238FBC79001E71C3 /* LaunchScreen.storyboard */,
				FAA2D5DB238FBC79001E71C3 /* Info.plist */,
			);
			path = TMI;
			sourceTree = "<group>";
		};
/* End PBXGroup section */

/* Begin PBXNativeTarget section */
		FAA2D5C9238FBC74001E71C3 /* TMI */ = {
			isa = PBXNativeTarget;
			buildConfigurationList = FAA2D5DE238FBC79001E71C3 /* Build configuration list for PBXNativeTarget "TMI" */;
			buildPhases = (
				054F8C3AEFA14934B8F3814B /* [CP] Check Pods Manifest.lock */,
				FAA2D5C6238FBC74001E71C3 /* Sources */,
				FAA2D5C7238FBC74001E71C3 /* Frameworks */,
				FAA2D5C8238FBC74001E71C3 /* Resources */,
				2B5B2684DA03356DB3158905 /* [CP] Embed Pods Frameworks */,
			);
			buildRules = (
			);
			dependencies = (
			);
			name = TMI;
			productName = TMI;
			productReference = FAA2D5CA238FBC74001E71C3 /* TMI.app */;
			productType = "com.apple.product-type.application";
		};
/* End PBXNativeTarget section */

/* Begin PBXProject section */
		FAA2D5C2238FBC74001E71C3 /* Project object */ = {
			isa = PBXProject;
			attributes = {
				LastSwiftUpdateCheck = 1110;
				LastUpgradeCheck = 1110;
				ORGANIZATIONNAME = cmindy;
				TargetAttributes = {
					FAA2D5C9238FBC74001E71C3 = {
						CreatedOnToolsVersion = 11.1;
					};
				};
			};
			buildConfigurationList = FAA2D5C5238FBC74001E71C3 /* Build configuration list for PBXProject "TMI" */;
			compatibilityVersion = "Xcode 9.3";
			developmentRegion = en;
			hasScannedForEncodings = 0;
			knownRegions = (
				en,
				Base,
			);
			mainGroup = FAA2D5C1238FBC74001E71C3;
			productRefGroup = FAA2D5CB238FBC74001E71C3 /* Products */;
			projectDirPath = "";
			projectRoot = "";
			targets = (
				FAA2D5C9238FBC74001E71C3 /* TMI */,
			);
		};
/* End PBXProject section */

/* Begin PBXResourcesBuildPhase section */
		FAA2D5C8238FBC74001E71C3 /* Resources */ = {
			isa = PBXResourcesBuildPhase;
			buildActionMask = 2147483647;
			files = (
				FAA2D5DA238FBC79001E71C3 /* LaunchScreen.storyboard in Resources */,
				0EB548CE239C391B00C88B1D /* Colors.xcassets in Resources */,
				FAA2D5D7238FBC79001E71C3 /* Assets.xcassets in Resources */,
				FAA7EF5623C5C3C500A9BDF1 /* Images.xcassets in Resources */,
				FAA2D5D5238FBC74001E71C3 /* Main.storyboard in Resources */,
				FAA7EF5423C5C34A00A9BDF1 /* Icons.xcassets in Resources */,
			);
			runOnlyForDeploymentPostprocessing = 0;
		};
/* End PBXResourcesBuildPhase section */

/* Begin PBXShellScriptBuildPhase section */
		054F8C3AEFA14934B8F3814B /* [CP] Check Pods Manifest.lock */ = {
			isa = PBXShellScriptBuildPhase;
			buildActionMask = 2147483647;
			files = (
			);
			inputFileListPaths = (
			);
			inputPaths = (
				"${PODS_PODFILE_DIR_PATH}/Podfile.lock",
				"${PODS_ROOT}/Manifest.lock",
			);
			name = "[CP] Check Pods Manifest.lock";
			outputFileListPaths = (
			);
			outputPaths = (
				"$(DERIVED_FILE_DIR)/Pods-TMI-checkManifestLockResult.txt",
			);
			runOnlyForDeploymentPostprocessing = 0;
			shellPath = /bin/sh;
			shellScript = "diff \"${PODS_PODFILE_DIR_PATH}/Podfile.lock\" \"${PODS_ROOT}/Manifest.lock\" > /dev/null\nif [ $? != 0 ] ; then\n    # print error to STDERR\n    echo \"error: The sandbox is not in sync with the Podfile.lock. Run 'pod install' or update your CocoaPods installation.\" >&2\n    exit 1\nfi\n# This output is used by Xcode 'outputs' to avoid re-running this script phase.\necho \"SUCCESS\" > \"${SCRIPT_OUTPUT_FILE_0}\"\n";
			showEnvVarsInLog = 0;
		};
		2B5B2684DA03356DB3158905 /* [CP] Embed Pods Frameworks */ = {
			isa = PBXShellScriptBuildPhase;
			buildActionMask = 2147483647;
			files = (
			);
			inputFileListPaths = (
				"${PODS_ROOT}/Target Support Files/Pods-TMI/Pods-TMI-frameworks-${CONFIGURATION}-input-files.xcfilelist",
			);
			name = "[CP] Embed Pods Frameworks";
			outputFileListPaths = (
				"${PODS_ROOT}/Target Support Files/Pods-TMI/Pods-TMI-frameworks-${CONFIGURATION}-output-files.xcfilelist",
			);
			runOnlyForDeploymentPostprocessing = 0;
			shellPath = /bin/sh;
			shellScript = "\"${PODS_ROOT}/Target Support Files/Pods-TMI/Pods-TMI-frameworks.sh\"\n";
			showEnvVarsInLog = 0;
		};
/* End PBXShellScriptBuildPhase section */

/* Begin PBXSourcesBuildPhase section */
		FAA2D5C6238FBC74001E71C3 /* Sources */ = {
			isa = PBXSourcesBuildPhase;
			buildActionMask = 2147483647;
			files = (
				0E160CA823A40B16000CA518 /* MainViewController.swift in Sources */,
				0E160CA623A40AD2000CA518 /* AlbumCell.swift in Sources */,
				FAA2D5D2238FBC74001E71C3 /* ViewController.swift in Sources */,
				0E160CAC23A41733000CA518 /* Reusable.swift in Sources */,
				0E160CC123A55688000CA518 /* UICollectionView+.swift in Sources */,
				0E160C9823A3A850000CA518 /* SnapKit+.swift in Sources */,
				0E7D3E7723A2AC3700269288 /* EntryViewController.swift in Sources */,
				FAA2D5CE238FBC74001E71C3 /* AppDelegate.swift in Sources */,
				0E160CC323A56FEA000CA518 /* AlbumHeaderView.swift in Sources */,
				0E160CAA23A40E73000CA518 /* AttriBeauty+.swift in Sources */,
				0EB548D3239C3AE800C88B1D /* UIColor+.swift in Sources */,
				0E160C9B23A3B4B2000CA518 /* LoadingViewController.swift in Sources */,
				0E160C9D23A3FA4B000CA518 /* GaugeView.swift in Sources */,
			);
			runOnlyForDeploymentPostprocessing = 0;
		};
/* End PBXSourcesBuildPhase section */

/* Begin PBXVariantGroup section */
		FAA2D5D3238FBC74001E71C3 /* Main.storyboard */ = {
			isa = PBXVariantGroup;
			children = (
				FAA2D5D4238FBC74001E71C3 /* Base */,
			);
			name = Main.storyboard;
			sourceTree = "<group>";
		};
		FAA2D5D8238FBC79001E71C3 /* LaunchScreen.storyboard */ = {
			isa = PBXVariantGroup;
			children = (
				FAA2D5D9238FBC79001E71C3 /* Base */,
			);
			name = LaunchScreen.storyboard;
			sourceTree = "<group>";
		};
/* End PBXVariantGroup section */

/* Begin XCBuildConfiguration section */
		FAA2D5DC238FBC79001E71C3 /* Debug */ = {
			isa = XCBuildConfiguration;
			buildSettings = {
				ALWAYS_SEARCH_USER_PATHS = NO;
				CLANG_ANALYZER_NONNULL = YES;
				CLANG_ANALYZER_NUMBER_OBJECT_CONVERSION = YES_AGGRESSIVE;
				CLANG_CXX_LANGUAGE_STANDARD = "gnu++14";
				CLANG_CXX_LIBRARY = "libc++";
				CLANG_ENABLE_MODULES = YES;
				CLANG_ENABLE_OBJC_ARC = YES;
				CLANG_ENABLE_OBJC_WEAK = YES;
				CLANG_WARN_BLOCK_CAPTURE_AUTORELEASING = YES;
				CLANG_WARN_BOOL_CONVERSION = YES;
				CLANG_WARN_COMMA = YES;
				CLANG_WARN_CONSTANT_CONVERSION = YES;
				CLANG_WARN_DEPRECATED_OBJC_IMPLEMENTATIONS = YES;
				CLANG_WARN_DIRECT_OBJC_ISA_USAGE = YES_ERROR;
				CLANG_WARN_DOCUMENTATION_COMMENTS = YES;
				CLANG_WARN_EMPTY_BODY = YES;
				CLANG_WARN_ENUM_CONVERSION = YES;
				CLANG_WARN_INFINITE_RECURSION = YES;
				CLANG_WARN_INT_CONVERSION = YES;
				CLANG_WARN_NON_LITERAL_NULL_CONVERSION = YES;
				CLANG_WARN_OBJC_IMPLICIT_RETAIN_SELF = YES;
				CLANG_WARN_OBJC_LITERAL_CONVERSION = YES;
				CLANG_WARN_OBJC_ROOT_CLASS = YES_ERROR;
				CLANG_WARN_RANGE_LOOP_ANALYSIS = YES;
				CLANG_WARN_STRICT_PROTOTYPES = YES;
				CLANG_WARN_SUSPICIOUS_MOVE = YES;
				CLANG_WARN_UNGUARDED_AVAILABILITY = YES_AGGRESSIVE;
				CLANG_WARN_UNREACHABLE_CODE = YES;
				CLANG_WARN__DUPLICATE_METHOD_MATCH = YES;
				COPY_PHASE_STRIP = NO;
				DEBUG_INFORMATION_FORMAT = dwarf;
				ENABLE_STRICT_OBJC_MSGSEND = YES;
				ENABLE_TESTABILITY = YES;
				GCC_C_LANGUAGE_STANDARD = gnu11;
				GCC_DYNAMIC_NO_PIC = NO;
				GCC_NO_COMMON_BLOCKS = YES;
				GCC_OPTIMIZATION_LEVEL = 0;
				GCC_PREPROCESSOR_DEFINITIONS = (
					"DEBUG=1",
					"$(inherited)",
				);
				GCC_WARN_64_TO_32_BIT_CONVERSION = YES;
				GCC_WARN_ABOUT_RETURN_TYPE = YES_ERROR;
				GCC_WARN_UNDECLARED_SELECTOR = YES;
				GCC_WARN_UNINITIALIZED_AUTOS = YES_AGGRESSIVE;
				GCC_WARN_UNUSED_FUNCTION = YES;
				GCC_WARN_UNUSED_VARIABLE = YES;
				IPHONEOS_DEPLOYMENT_TARGET = 13.1;
				MTL_ENABLE_DEBUG_INFO = INCLUDE_SOURCE;
				MTL_FAST_MATH = YES;
				ONLY_ACTIVE_ARCH = YES;
				SDKROOT = iphoneos;
				SWIFT_ACTIVE_COMPILATION_CONDITIONS = DEBUG;
				SWIFT_OPTIMIZATION_LEVEL = "-Onone";
			};
			name = Debug;
		};
		FAA2D5DD238FBC79001E71C3 /* Release */ = {
			isa = XCBuildConfiguration;
			buildSettings = {
				ALWAYS_SEARCH_USER_PATHS = NO;
				CLANG_ANALYZER_NONNULL = YES;
				CLANG_ANALYZER_NUMBER_OBJECT_CONVERSION = YES_AGGRESSIVE;
				CLANG_CXX_LANGUAGE_STANDARD = "gnu++14";
				CLANG_CXX_LIBRARY = "libc++";
				CLANG_ENABLE_MODULES = YES;
				CLANG_ENABLE_OBJC_ARC = YES;
				CLANG_ENABLE_OBJC_WEAK = YES;
				CLANG_WARN_BLOCK_CAPTURE_AUTORELEASING = YES;
				CLANG_WARN_BOOL_CONVERSION = YES;
				CLANG_WARN_COMMA = YES;
				CLANG_WARN_CONSTANT_CONVERSION = YES;
				CLANG_WARN_DEPRECATED_OBJC_IMPLEMENTATIONS = YES;
				CLANG_WARN_DIRECT_OBJC_ISA_USAGE = YES_ERROR;
				CLANG_WARN_DOCUMENTATION_COMMENTS = YES;
				CLANG_WARN_EMPTY_BODY = YES;
				CLANG_WARN_ENUM_CONVERSION = YES;
				CLANG_WARN_INFINITE_RECURSION = YES;
				CLANG_WARN_INT_CONVERSION = YES;
				CLANG_WARN_NON_LITERAL_NULL_CONVERSION = YES;
				CLANG_WARN_OBJC_IMPLICIT_RETAIN_SELF = YES;
				CLANG_WARN_OBJC_LITERAL_CONVERSION = YES;
				CLANG_WARN_OBJC_ROOT_CLASS = YES_ERROR;
				CLANG_WARN_RANGE_LOOP_ANALYSIS = YES;
				CLANG_WARN_STRICT_PROTOTYPES = YES;
				CLANG_WARN_SUSPICIOUS_MOVE = YES;
				CLANG_WARN_UNGUARDED_AVAILABILITY = YES_AGGRESSIVE;
				CLANG_WARN_UNREACHABLE_CODE = YES;
				CLANG_WARN__DUPLICATE_METHOD_MATCH = YES;
				COPY_PHASE_STRIP = NO;
				DEBUG_INFORMATION_FORMAT = "dwarf-with-dsym";
				ENABLE_NS_ASSERTIONS = NO;
				ENABLE_STRICT_OBJC_MSGSEND = YES;
				GCC_C_LANGUAGE_STANDARD = gnu11;
				GCC_NO_COMMON_BLOCKS = YES;
				GCC_WARN_64_TO_32_BIT_CONVERSION = YES;
				GCC_WARN_ABOUT_RETURN_TYPE = YES_ERROR;
				GCC_WARN_UNDECLARED_SELECTOR = YES;
				GCC_WARN_UNINITIALIZED_AUTOS = YES_AGGRESSIVE;
				GCC_WARN_UNUSED_FUNCTION = YES;
				GCC_WARN_UNUSED_VARIABLE = YES;
				IPHONEOS_DEPLOYMENT_TARGET = 13.1;
				MTL_ENABLE_DEBUG_INFO = NO;
				MTL_FAST_MATH = YES;
				SDKROOT = iphoneos;
				SWIFT_COMPILATION_MODE = wholemodule;
				SWIFT_OPTIMIZATION_LEVEL = "-O";
				VALIDATE_PRODUCT = YES;
			};
			name = Release;
		};
		FAA2D5DF238FBC79001E71C3 /* Debug */ = {
			isa = XCBuildConfiguration;
			baseConfigurationReference = 6E87530969830F8BFF9EA4D2 /* Pods-TMI.debug.xcconfig */;
			buildSettings = {
				ASSETCATALOG_COMPILER_APPICON_NAME = AppIcon;
				CODE_SIGN_STYLE = Automatic;
				DEVELOPMENT_TEAM = 7RXS7SV267;
				INFOPLIST_FILE = TMI/Info.plist;
				LD_RUNPATH_SEARCH_PATHS = (
					"$(inherited)",
					"@executable_path/Frameworks",
				);
				PRODUCT_BUNDLE_IDENTIFIER = com.cmindy.TMI;
				PRODUCT_NAME = "$(TARGET_NAME)";
				SWIFT_VERSION = 5.0;
				TARGETED_DEVICE_FAMILY = "1,2";
			};
			name = Debug;
		};
		FAA2D5E0238FBC79001E71C3 /* Release */ = {
			isa = XCBuildConfiguration;
			baseConfigurationReference = F15C6F82D213AC3C5180F5D5 /* Pods-TMI.release.xcconfig */;
			buildSettings = {
				ASSETCATALOG_COMPILER_APPICON_NAME = AppIcon;
				CODE_SIGN_STYLE = Automatic;
				DEVELOPMENT_TEAM = 7RXS7SV267;
				INFOPLIST_FILE = TMI/Info.plist;
				LD_RUNPATH_SEARCH_PATHS = (
					"$(inherited)",
					"@executable_path/Frameworks",
				);
				PRODUCT_BUNDLE_IDENTIFIER = com.cmindy.TMI;
				PRODUCT_NAME = "$(TARGET_NAME)";
				SWIFT_VERSION = 5.0;
				TARGETED_DEVICE_FAMILY = "1,2";
			};
			name = Release;
		};
/* End XCBuildConfiguration section */

/* Begin XCConfigurationList section */
		FAA2D5C5238FBC74001E71C3 /* Build configuration list for PBXProject "TMI" */ = {
			isa = XCConfigurationList;
			buildConfigurations = (
				FAA2D5DC238FBC79001E71C3 /* Debug */,
				FAA2D5DD238FBC79001E71C3 /* Release */,
			);
			defaultConfigurationIsVisible = 0;
			defaultConfigurationName = Release;
		};
		FAA2D5DE238FBC79001E71C3 /* Build configuration list for PBXNativeTarget "TMI" */ = {
			isa = XCConfigurationList;
			buildConfigurations = (
				FAA2D5DF238FBC79001E71C3 /* Debug */,
				FAA2D5E0238FBC79001E71C3 /* Release */,
			);
			defaultConfigurationIsVisible = 0;
			defaultConfigurationName = Release;
		};
/* End XCConfigurationList section */
	};
	rootObject = FAA2D5C2238FBC74001E71C3 /* Project object */;
}
